
Microsoft Visual Studio Solution File, Format Version 12.00
# Visual Studio 15
VisualStudioVersion = 15.0.27703.2042
MinimumVisualStudioVersion = 10.0.40219.1
Project("{E24C65DC-7377-472B-9ABA-BC803B73C61A}") = "Choice_Dist", "Choice_Dist\", "{B9531E75-D463-4C95-A16F-6AB39761CCE2}"
	ProjectSection(WebsiteProperties) = preProject
		TargetFrameworkMoniker = ".NETFramework,Version%3Dv4.0"
		Debug.AspNetCompiler.VirtualPath = "/localhost_64671"
		Debug.AspNetCompiler.PhysicalPath = "Choice_Dist\"
		Debug.AspNetCompiler.TargetPath = "PrecompiledWeb\localhost_64671\"
		Debug.AspNetCompiler.Updateable = "true"
		Debug.AspNetCompiler.ForceOverwrite = "true"
		Debug.AspNetCompiler.FixedNames = "false"
		Debug.AspNetCompiler.Debug = "True"
		Release.AspNetCompiler.VirtualPath = "/localhost_64671"
		Release.AspNetCompiler.PhysicalPath = "Choice_Dist\"
		Release.AspNetCompiler.TargetPath = "PrecompiledWeb\localhost_64671\"
		Release.AspNetCompiler.Updateable = "true"
		Release.AspNetCompiler.ForceOverwrite = "true"
		Release.AspNetCompiler.FixedNames = "false"
		Release.AspNetCompiler.Debug = "False"
		VWDPort = "64671"
		SlnRelativePath = "Choice_Dist\"
		DefaultWebSiteLanguage = "Visual C#"
	EndProjectSection
EndProject
Global
	GlobalSection(SolutionConfigurationPlatforms) = preSolution
		Debug|Any CPU = Debug|Any CPU
	EndGlobalSection
	GlobalSection(ProjectConfigurationPlatforms) = postSolution
		{B9531E75-D463-4C95-A16F-6AB39761CCE2}.Debug|Any CPU.ActiveCfg = Debug|Any CPU
		{B9531E75-D463-4C95-A16F-6AB39761CCE2}.Debug|Any CPU.Build.0 = Debug|Any CPU
	EndGlobalSection
	GlobalSection(SolutionProperties) = preSolution
		HideSolutionNode = FALSE
	EndGlobalSection
	GlobalSection(ExtensibilityGlobals) = postSolution
		SolutionGuid = {492739A1-F4F1-4A24-8611-9B7EC5BDF758}
	EndGlobalSection
EndGlobal
